PODS:
  - Flutter (1.0.0)
  - flutter_plugin_ic_nfc (1.0.0):
    - Flutter
    - OpenSSL-Universal (~> 3.3.3001)
  - integration_test (0.0.1):
    - Flutter
  - OpenSSL-Universal (3.3.3001)
  - path_provider_foundation (0.0.1):
    - Flutter
    - FlutterMacOS
  - shared_preferences_foundation (0.0.1):
    - Flutter
    - FlutterMacOS

DEPENDENCIES:
  - Flutter (from `Flutter`)
  - flutter_plugin_ic_nfc (from `.symlinks/plugins/flutter_plugin_ic_nfc/ios`)
  - integration_test (from `.symlinks/plugins/integration_test/ios`)
  - path_provider_foundation (from `.symlinks/plugins/path_provider_foundation/darwin`)
  - shared_preferences_foundation (from `.symlinks/plugins/shared_preferences_foundation/darwin`)

SPEC REPOS:
  trunk:
    - OpenSSL-Universal

EXTERNAL SOURCES:
  Flutter:
    :path: Flutter
  flutter_plugin_ic_nfc:
    :path: ".symlinks/plugins/flutter_plugin_ic_nfc/ios"
  integration_test:
    :path: ".symlinks/plugins/integration_test/ios"
  path_provider_foundation:
    :path: ".symlinks/plugins/path_provider_foundation/darwin"
  shared_preferences_foundation:
    :path: ".symlinks/plugins/shared_preferences_foundation/darwin"

SPEC CHECKSUMS:
  Flutter: cabc95a1d2626b1b06e7179b784ebcf0c0cde467
  flutter_plugin_ic_nfc: 931931e57c341e3880f90a3abc51164e0718baa6
  integration_test: 4a889634ef21a45d28d50d622cf412dc6d9f586e
  OpenSSL-Universal: 6082b0bf950e5636fe0d78def171184e2b3899c2
  path_provider_foundation: 080d55be775b7414fd5a5ef3ac137b97b097e564
  shared_preferences_foundation: 9e1978ff2562383bd5676f64ec4e9aa8fa06a6f7

PODFILE CHECKSUM: 251cb053df7158f337c0712f2ab29f4e0fa474ce

COCOAPODS: 1.16.2
